
Microsoft Visual Studio Solution File, Format Version 12.00
# Visual Studio Version 16
VisualStudioVersion = 16.0.36107.64
MinimumVisualStudioVersion = 10.0.40219.1
Project("{8BC9CEB8-8B4A-11D0-8D11-00A0C91BC942}") = "ProcessMonitor", "ProcessMonitor\ProcessMonitor.vcxproj", "{31CA783B-ADD3-4095-97AC-64E5BF2592C8}"
EndProject
Project("{8BC9CEB8-8B4A-11D0-8D11-00A0C91BC942}") = "ProcessMonitorSys", "ProcessMonitorSys\ProcessMonitorSys.vcxproj", "{AB377B6D-295D-4A7A-A322-F048EC3CC715}"
EndProject
Project("{8BC9CEB8-8B4A-11D0-8D11-00A0C91BC942}") = "FileFilterSys", "FileFilterSys\FileFilterSys.vcxproj", "{770F8C19-2444-40C4-A038-47AFC7F8F677}"
EndProject
Project("{8BC9CEB8-8B4A-11D0-8D11-00A0C91BC942}") = "Monitor", "Monitor\Monitor.vcxproj", "{49572BE8-63A5-4592-A3A3-143BE803197B}"
EndProject
Global
	GlobalSection(SolutionConfigurationPlatforms) = preSolution
		Debug|ARM = Debug|ARM
		Debug|ARM64 = Debug|ARM64
		Debug|x64 = Debug|x64
		Debug|x86 = Debug|x86
		Release|ARM = Release|ARM
		Release|ARM64 = Release|ARM64
		Release|x64 = Release|x64
		Release|x86 = Release|x86
	EndGlobalSection
	GlobalSection(ProjectConfigurationPlatforms) = postSolution
		{31CA783B-ADD3-4095-97AC-64E5BF2592C8}.Debug|ARM.ActiveCfg = Debug|Win32
		{31CA783B-ADD3-4095-97AC-64E5BF2592C8}.Debug|ARM64.ActiveCfg = Debug|Win32
		{31CA783B-ADD3-4095-97AC-64E5BF2592C8}.Debug|x64.ActiveCfg = Debug|x64
		{31CA783B-ADD3-4095-97AC-64E5BF2592C8}.Debug|x64.Build.0 = Debug|x64
		{31CA783B-ADD3-4095-97AC-64E5BF2592C8}.Debug|x86.ActiveCfg = Debug|Win32
		{31CA783B-ADD3-4095-97AC-64E5BF2592C8}.Debug|x86.Build.0 = Debug|Win32
		{31CA783B-ADD3-4095-97AC-64E5BF2592C8}.Release|ARM.ActiveCfg = Release|Win32
		{31CA783B-ADD3-4095-97AC-64E5BF2592C8}.Release|ARM64.ActiveCfg = Release|Win32
		{31CA783B-ADD3-4095-97AC-64E5BF2592C8}.Release|x64.ActiveCfg = Release|x64
		{31CA783B-ADD3-4095-97AC-64E5BF2592C8}.Release|x64.Build.0 = Release|x64
		{31CA783B-ADD3-4095-97AC-64E5BF2592C8}.Release|x86.ActiveCfg = Release|Win32
		{31CA783B-ADD3-4095-97AC-64E5BF2592C8}.Release|x86.Build.0 = Release|Win32
		{AB377B6D-295D-4A7A-A322-F048EC3CC715}.Debug|ARM.ActiveCfg = Debug|ARM
		{AB377B6D-295D-4A7A-A322-F048EC3CC715}.Debug|ARM.Build.0 = Debug|ARM
		{AB377B6D-295D-4A7A-A322-F048EC3CC715}.Debug|ARM.Deploy.0 = Debug|ARM
		{AB377B6D-295D-4A7A-A322-F048EC3CC715}.Debug|ARM64.ActiveCfg = Debug|ARM64
		{AB377B6D-295D-4A7A-A322-F048EC3CC715}.Debug|ARM64.Build.0 = Debug|ARM64
		{AB377B6D-295D-4A7A-A322-F048EC3CC715}.Debug|ARM64.Deploy.0 = Debug|ARM64
		{AB377B6D-295D-4A7A-A322-F048EC3CC715}.Debug|x64.ActiveCfg = Debug|x64
		{AB377B6D-295D-4A7A-A322-F048EC3CC715}.Debug|x64.Build.0 = Debug|x64
		{AB377B6D-295D-4A7A-A322-F048EC3CC715}.Debug|x64.Deploy.0 = Debug|x64
		{AB377B6D-295D-4A7A-A322-F048EC3CC715}.Debug|x86.ActiveCfg = Debug|Win32
		{AB377B6D-295D-4A7A-A322-F048EC3CC715}.Debug|x86.Build.0 = Debug|Win32
		{AB377B6D-295D-4A7A-A322-F048EC3CC715}.Debug|x86.Deploy.0 = Debug|Win32
		{AB377B6D-295D-4A7A-A322-F048EC3CC715}.Release|ARM.ActiveCfg = Release|ARM
		{AB377B6D-295D-4A7A-A322-F048EC3CC715}.Release|ARM.Build.0 = Release|ARM
		{AB377B6D-295D-4A7A-A322-F048EC3CC715}.Release|ARM.Deploy.0 = Release|ARM
		{AB377B6D-295D-4A7A-A322-F048EC3CC715}.Release|ARM64.ActiveCfg = Release|ARM64
		{AB377B6D-295D-4A7A-A322-F048EC3CC715}.Release|ARM64.Build.0 = Release|ARM64
		{AB377B6D-295D-4A7A-A322-F048EC3CC715}.Release|ARM64.Deploy.0 = Release|ARM64
		{AB377B6D-295D-4A7A-A322-F048EC3CC715}.Release|x64.ActiveCfg = Release|x64
		{AB377B6D-295D-4A7A-A322-F048EC3CC715}.Release|x64.Build.0 = Release|x64
		{AB377B6D-295D-4A7A-A322-F048EC3CC715}.Release|x64.Deploy.0 = Release|x64
		{AB377B6D-295D-4A7A-A322-F048EC3CC715}.Release|x86.ActiveCfg = Release|Win32
		{AB377B6D-295D-4A7A-A322-F048EC3CC715}.Release|x86.Build.0 = Release|Win32
		{AB377B6D-295D-4A7A-A322-F048EC3CC715}.Release|x86.Deploy.0 = Release|Win32
		{770F8C19-2444-40C4-A038-47AFC7F8F677}.Debug|ARM.ActiveCfg = Debug|ARM
		{770F8C19-2444-40C4-A038-47AFC7F8F677}.Debug|ARM.Build.0 = Debug|ARM
		{770F8C19-2444-40C4-A038-47AFC7F8F677}.Debug|ARM.Deploy.0 = Debug|ARM
		{770F8C19-2444-40C4-A038-47AFC7F8F677}.Debug|ARM64.ActiveCfg = Debug|ARM64
		{770F8C19-2444-40C4-A038-47AFC7F8F677}.Debug|ARM64.Build.0 = Debug|ARM64
		{770F8C19-2444-40C4-A038-47AFC7F8F677}.Debug|ARM64.Deploy.0 = Debug|ARM64
		{770F8C19-2444-40C4-A038-47AFC7F8F677}.Debug|x64.ActiveCfg = Debug|x64
		{770F8C19-2444-40C4-A038-47AFC7F8F677}.Debug|x64.Build.0 = Debug|x64
		{770F8C19-2444-40C4-A038-47AFC7F8F677}.Debug|x64.Deploy.0 = Debug|x64
		{770F8C19-2444-40C4-A038-47AFC7F8F677}.Debug|x86.ActiveCfg = Debug|Win32
		{770F8C19-2444-40C4-A038-47AFC7F8F677}.Debug|x86.Build.0 = Debug|Win32
		{770F8C19-2444-40C4-A038-47AFC7F8F677}.Debug|x86.Deploy.0 = Debug|Win32
		{770F8C19-2444-40C4-A038-47AFC7F8F677}.Release|ARM.ActiveCfg = Release|ARM
		{770F8C19-2444-40C4-A038-47AFC7F8F677}.Release|ARM.Build.0 = Release|ARM
		{770F8C19-2444-40C4-A038-47AFC7F8F677}.Release|ARM.Deploy.0 = Release|ARM
		{770F8C19-2444-40C4-A038-47AFC7F8F677}.Release|ARM64.ActiveCfg = Release|ARM64
		{770F8C19-2444-40C4-A038-47AFC7F8F677}.Release|ARM64.Build.0 = Release|ARM64
		{770F8C19-2444-40C4-A038-47AFC7F8F677}.Release|ARM64.Deploy.0 = Release|ARM64
		{770F8C19-2444-40C4-A038-47AFC7F8F677}.Release|x64.ActiveCfg = Release|x64
		{770F8C19-2444-40C4-A038-47AFC7F8F677}.Release|x64.Build.0 = Release|x64
		{770F8C19-2444-40C4-A038-47AFC7F8F677}.Release|x64.Deploy.0 = Release|x64
		{770F8C19-2444-40C4-A038-47AFC7F8F677}.Release|x86.ActiveCfg = Release|Win32
		{770F8C19-2444-40C4-A038-47AFC7F8F677}.Release|x86.Build.0 = Release|Win32
		{770F8C19-2444-40C4-A038-47AFC7F8F677}.Release|x86.Deploy.0 = Release|Win32
		{49572BE8-63A5-4592-A3A3-143BE803197B}.Debug|ARM.ActiveCfg = Debug|Win32
		{49572BE8-63A5-4592-A3A3-143BE803197B}.Debug|ARM64.ActiveCfg = Debug|Win32
		{49572BE8-63A5-4592-A3A3-143BE803197B}.Debug|x64.ActiveCfg = Debug|x64
		{49572BE8-63A5-4592-A3A3-143BE803197B}.Debug|x64.Build.0 = Debug|x64
		{49572BE8-63A5-4592-A3A3-143BE803197B}.Debug|x86.ActiveCfg = Debug|Win32
		{49572BE8-63A5-4592-A3A3-143BE803197B}.Debug|x86.Build.0 = Debug|Win32
		{49572BE8-63A5-4592-A3A3-143BE803197B}.Release|ARM.ActiveCfg = Release|Win32
		{49572BE8-63A5-4592-A3A3-143BE803197B}.Release|ARM64.ActiveCfg = Release|Win32
		{49572BE8-63A5-4592-A3A3-143BE803197B}.Release|x64.ActiveCfg = Release|x64
		{49572BE8-63A5-4592-A3A3-143BE803197B}.Release|x64.Build.0 = Release|x64
		{49572BE8-63A5-4592-A3A3-143BE803197B}.Release|x86.ActiveCfg = Release|Win32
		{49572BE8-63A5-4592-A3A3-143BE803197B}.Release|x86.Build.0 = Release|Win32
	EndGlobalSection
	GlobalSection(SolutionProperties) = preSolution
		HideSolutionNode = FALSE
	EndGlobalSection
	GlobalSection(ExtensibilityGlobals) = postSolution
		SolutionGuid = {AB43600F-7918-4353-9E88-832DC6AFFC61}
	EndGlobalSection
EndGlobal
